// !$*UTF8*$!
{
	archiveVersion = 1;
	classes = {
	};
	objectVersion = 46;
	objects = {

/* Begin PBXBuildFile section */
		60F48EAD1EA25FB800DCCA82 /* AppDelegate.swift in Sources */ = {isa = PBXBuildFile; fileRef = 60F48EAC1EA25FB800DCCA82 /* AppDelegate.swift */; };
		60F48EAF1EA25FB800DCCA82 /* ViewController.swift in Sources */ = {isa = PBXBuildFile; fileRef = 60F48EAE1EA25FB800DCCA82 /* ViewController.swift */; };
		60F48EB21EA25FB900DCCA82 /* Main.storyboard in Resources */ = {isa = PBXBuildFile; fileRef = 60F48EB01EA25FB900DCCA82 /* Main.storyboard */; };
		60F48EB41EA25FB900DCCA82 /* Assets.xcassets in Resources */ = {isa = PBXBuildFile; fileRef = 60F48EB31EA25FB900DCCA82 /* Assets.xcassets */; };
		60F48EB71EA25FB900DCCA82 /* LaunchScreen.storyboard in Resources */ = {isa = PBXBuildFile; fileRef = 60F48EB51EA25FB900DCCA82 /* LaunchScreen.storyboard */; };
		60F48EC21EA25FB900DCCA82 /* CaculatorSampleTests.swift in Sources */ = {isa = PBXBuildFile; fileRef = 60F48EC11EA25FB900DCCA82 /* CaculatorSampleTests.swift */; };
		60F48ECD1EA25FB900DCCA82 /* CaculatorSampleUITests.swift in Sources */ = {isa = PBXBuildFile; fileRef = 60F48ECC1EA25FB900DCCA82 /* CaculatorSampleUITests.swift */; };
/* End PBXBuildFile section */

/* Begin PBXContainerItemProxy section */
		60F48EBE1EA25FB900DCCA82 /* PBXContainerItemProxy */ = {
			isa = PBXContainerItemProxy;
			containerPortal = 60F48EA11EA25FB800DCCA82 /* Project object */;
			proxyType = 1;
			remoteGlobalIDString = 60F48EA81EA25FB800DCCA82;
			remoteInfo = CaculatorSample;
		};
		60F48EC91EA25FB900DCCA82 /* PBXContainerItemProxy */ = {
			isa = PBXContainerItemProxy;
			containerPortal = 60F48EA11EA25FB800DCCA82 /* Project object */;
			proxyType = 1;
			remoteGlobalIDString = 60F48EA81EA25FB800DCCA82;
			remoteInfo = CaculatorSample;
		};
/* End PBXContainerItemProxy section */

/* Begin PBXFileReference section */
		60F48EA91EA25FB800DCCA82 /* CaculatorSample.app */ = {isa = PBXFileReference; explicitFileType = wrapper.application; includeInIndex = 0; path = CaculatorSample.app; sourceTree = BUILT_PRODUCTS_DIR; };
		60F48EAC1EA25FB800DCCA82 /* AppDelegate.swift */ = {isa = PBXFileReference; lastKnownFileType = sourcecode.swift; path = AppDelegate.swift; sourceTree = "<group>"; };
		60F48EAE1EA25FB800DCCA82 /* ViewController.swift */ = {isa = PBXFileReference; lastKnownFileType = sourcecode.swift; path = ViewController.swift; sourceTree = "<group>"; };
		60F48EB11EA25FB900DCCA82 /* Base */ = {isa = PBXFileReference; lastKnownFileType = file.storyboard; name = Base; path = Base.lproj/Main.storyboard; sourceTree = "<group>"; };
		60F48EB31EA25FB900DCCA82 /* Assets.xcassets */ = {isa = PBXFileReference; lastKnownFileType = folder.assetcatalog; path = Assets.xcassets; sourceTree = "<group>"; };
		60F48EB61EA25FB900DCCA82 /* Base */ = {isa = PBXFileReference; lastKnownFileType = file.storyboard; name = Base; path = Base.lproj/LaunchScreen.storyboard; sourceTree = "<group>"; };
		60F48EB81EA25FB900DCCA82 /* Info.plist */ = {isa = PBXFileReference; lastKnownFileType = text.plist.xml; path = Info.plist; sourceTree = "<group>"; };
		60F48EBD1EA25FB900DCCA82 /* CaculatorSampleTests.xctest */ = {isa = PBXFileReference; explicitFileType = wrapper.cfbundle; includeInIndex = 0; path = CaculatorSampleTests.xctest; sourceTree = BUILT_PRODUCTS_DIR; };
		60F48EC11EA25FB900DCCA82 /* CaculatorSampleTests.swift */ = {isa = PBXFileReference; lastKnownFileType = sourcecode.swift; path = CaculatorSampleTests.swift; sourceTree = "<group>"; };
		60F48EC31EA25FB900DCCA82 /* Info.plist */ = {isa = PBXFileReference; lastKnownFileType = text.plist.xml; path = Info.plist; sourceTree = "<group>"; };
		60F48EC81EA25FB900DCCA82 /* CaculatorSampleUITests.xctest */ = {isa = PBXFileReference; explicitFileType = wrapper.cfbundle; includeInIndex = 0; path = CaculatorSampleUITests.xctest; sourceTree = BUILT_PRODUCTS_DIR; };
		60F48ECC1EA25FB900DCCA82 /* CaculatorSampleUITests.swift */ = {isa = PBXFileReference; lastKnownFileType = sourcecode.swift; path = CaculatorSampleUITests.swift; sourceTree = "<group>"; };
		60F48ECE1EA25FB900DCCA82 /* Info.plist */ = {isa = PBXFileReference; lastKnownFileType = text.plist.xml; path = Info.plist; sourceTree = "<group>"; };
/* End PBXFileReference section */

/* Begin PBXFrameworksBuildPhase section */
		60F48EA61EA25FB800DCCA82 /* Frameworks */ = {
			isa = PBXFrameworksBuildPhase;
			buildActionMask = 2147483647;
			files = (
			);
			runOnlyForDeploymentPostprocessing = 0;
		};
		60F48EBA1EA25FB900DCCA82 /* Frameworks */ = {
			isa = PBXFrameworksBuildPhase;
			buildActionMask = 2147483647;
			files = (
			);
			runOnlyForDeploymentPostprocessing = 0;
		};
		60F48EC51EA25FB900DCCA82 /* Frameworks */ = {
			isa = PBXFrameworksBuildPhase;
			buildActionMask = 2147483647;
			files = (
			);
			runOnlyForDeploymentPostprocessing = 0;
		};
/* End PBXFrameworksBuildPhase section */

/* Begin PBXGroup section */
		60F48EA01EA25FB800DCCA82 = {
			isa = PBXGroup;
			children = (
				60F48EAB1EA25FB800DCCA82 /* CaculatorSample */,
				60F48EC01EA25FB900DCCA82 /* CaculatorSampleTests */,
				60F48ECB1EA25FB900DCCA82 /* CaculatorSampleUITests */,
				60F48EAA1EA25FB800DCCA82 /* Products */,
			);
			sourceTree = "<group>";
		};
		60F48EAA1EA25FB800DCCA82 /* Products */ = {
			isa = PBXGroup;
			children = (
				60F48EA91EA25FB800DCCA82 /* CaculatorSample.app */,
				60F48EBD1EA25FB900DCCA82 /* CaculatorSampleTests.xctest */,
				60F48EC81EA25FB900DCCA82 /* CaculatorSampleUITests.xctest */,
			);
			name = Products;
			sourceTree = "<group>";
		};
		60F48EAB1EA25FB800DCCA82 /* CaculatorSample */ = {
			isa = PBXGroup;
			children = (
				60F48EAC1EA25FB800DCCA82 /* AppDelegate.swift */,
				60F48EAE1EA25FB800DCCA82 /* ViewController.swift */,
				60F48EB01EA25FB900DCCA82 /* Main.storyboard */,
				60F48EB31EA25FB900DCCA82 /* Assets.xcassets */,
				60F48EB51EA25FB900DCCA82 /* LaunchScreen.storyboard */,
				60F48EB81EA25FB900DCCA82 /* Info.plist */,
			);
			path = CaculatorSample;
			sourceTree = "<group>";
		};
		60F48EC01EA25FB900DCCA82 /* CaculatorSampleTests */ = {
			isa = PBXGroup;
			children = (
				60F48EC11EA25FB900DCCA82 /* CaculatorSampleTests.swift */,
				60F48EC31EA25FB900DCCA82 /* Info.plist */,
			);
			path = CaculatorSampleTests;
			sourceTree = "<group>";
		};
		60F48ECB1EA25FB900DCCA82 /* CaculatorSampleUITests */ = {
			isa = PBXGroup;
			children = (
				60F48ECC1EA25FB900DCCA82 /* CaculatorSampleUITests.swift */,
				60F48ECE1EA25FB900DCCA82 /* Info.plist */,
			);
			path = CaculatorSampleUITests;
			sourceTree = "<group>";
		};
/* End PBXGroup section */

/* Begin PBXNativeTarget section */
		60F48EA81EA25FB800DCCA82 /* CaculatorSample */ = {
			isa = PBXNativeTarget;
			buildConfigurationList = 60F48ED11EA25FB900DCCA82 /* Build configuration list for PBXNativeTarget "CaculatorSample" */;
			buildPhases = (
				60F48EA51EA25FB800DCCA82 /* Sources */,
				60F48EA61EA25FB800DCCA82 /* Frameworks */,
				60F48EA71EA25FB800DCCA82 /* Resources */,
			);
			buildRules = (
			);
			dependencies = (
			);
			name = CaculatorSample;
			productName = CaculatorSample;
			productReference = 60F48EA91EA25FB800DCCA82 /* CaculatorSample.app */;
			productType = "com.apple.product-type.application";
		};
		60F48EBC1EA25FB900DCCA82 /* CaculatorSampleTests */ = {
			isa = PBXNativeTarget;
			buildConfigurationList = 60F48ED41EA25FB900DCCA82 /* Build configuration list for PBXNativeTarget "CaculatorSampleTests" */;
			buildPhases = (
				60F48EB91EA25FB900DCCA82 /* Sources */,
				60F48EBA1EA25FB900DCCA82 /* Frameworks */,
				60F48EBB1EA25FB900DCCA82 /* Resources */,
			);
			buildRules = (
			);
			dependencies = (
				60F48EBF1EA25FB900DCCA82 /* PBXTargetDependency */,
			);
			name = CaculatorSampleTests;
			productName = CaculatorSampleTests;
			productReference = 60F48EBD1EA25FB900DCCA82 /* CaculatorSampleTests.xctest */;
			productType = "com.apple.product-type.bundle.unit-test";
		};
		60F48EC71EA25FB900DCCA82 /* CaculatorSampleUITests */ = {
			isa = PBXNativeTarget;
			buildConfigurationList = 60F48ED71EA25FB900DCCA82 /* Build configuration list for PBXNativeTarget "CaculatorSampleUITests" */;
			buildPhases = (
				60F48EC41EA25FB900DCCA82 /* Sources */,
				60F48EC51EA25FB900DCCA82 /* Frameworks */,
				60F48EC61EA25FB900DCCA82 /* Resources */,
			);
			buildRules = (
			);
			dependencies = (
				60F48ECA1EA25FB900DCCA82 /* PBXTargetDependency */,
			);
			name = CaculatorSampleUITests;
			productName = CaculatorSampleUITests;
			productReference = 60F48EC81EA25FB900DCCA82 /* CaculatorSampleUITests.xctest */;
			productType = "com.apple.product-type.bundle.ui-testing";
		};
/* End PBXNativeTarget section */

/* Begin PBXProject section */
		60F48EA11EA25FB800DCCA82 /* Project object */ = {
			isa = PBXProject;
			attributes = {
				LastSwiftUpdateCheck = 0830;
				LastUpgradeCheck = 0830;
				ORGANIZATIONNAME = healer;
				TargetAttributes = {
					60F48EA81EA25FB800DCCA82 = {
						CreatedOnToolsVersion = 8.3.1;
						ProvisioningStyle = Automatic;
					};
					60F48EBC1EA25FB900DCCA82 = {
						CreatedOnToolsVersion = 8.3.1;
						ProvisioningStyle = Automatic;
						TestTargetID = 60F48EA81EA25FB800DCCA82;
					};
					60F48EC71EA25FB900DCCA82 = {
						CreatedOnToolsVersion = 8.3.1;
						ProvisioningStyle = Automatic;
						TestTargetID = 60F48EA81EA25FB800DCCA82;
					};
				};
			};
			buildConfigurationList = 60F48EA41EA25FB800DCCA82 /* Build configuration list for PBXProject "CaculatorSample" */;
			compatibilityVersion = "Xcode 3.2";
			developmentRegion = English;
			hasScannedForEncodings = 0;
			knownRegions = (
				en,
				Base,
			);
			mainGroup = 60F48EA01EA25FB800DCCA82;
			productRefGroup = 60F48EAA1EA25FB800DCCA82 /* Products */;
			projectDirPath = "";
			projectRoot = "";
			targets = (
				60F48EA81EA25FB800DCCA82 /* CaculatorSample */,
				60F48EBC1EA25FB900DCCA82 /* CaculatorSampleTests */,
				60F48EC71EA25FB900DCCA82 /* CaculatorSampleUITests */,
			);
		};
/* End PBXProject section */

/* Begin PBXResourcesBuildPhase section */
		60F48EA71EA25FB800DCCA82 /* Resources */ = {
			isa = PBXResourcesBuildPhase;
			buildActionMask = 2147483647;
			files = (
				60F48EB71EA25FB900DCCA82 /* LaunchScreen.storyboard in Resources */,
				60F48EB41EA25FB900DCCA82 /* Assets.xcassets in Resources */,
				60F48EB21EA25FB900DCCA82 /* Main.storyboard in Resources */,
			);
			runOnlyForDeploymentPostprocessing = 0;
		};
		60F48EBB1EA25FB900DCCA82 /* Resources */ = {
			isa = PBXResourcesBuildPhase;
			buildActionMask = 2147483647;
			files = (
			);
			runOnlyForDeploymentPostprocessing = 0;
		};
		60F48EC61EA25FB900DCCA82 /* Resources */ = {
			isa = PBXResourcesBuildPhase;
			buildActionMask = 2147483647;
			files = (
			);
			runOnlyForDeploymentPostprocessing = 0;
		};
/* End PBXResourcesBuildPhase section */

/* Begin PBXSourcesBuildPhase section */
		60F48EA51EA25FB800DCCA82 /* Sources */ = {
			isa = PBXSourcesBuildPhase;
			buildActionMask = 2147483647;
			files = (
				60F48EAF1EA25FB800DCCA82 /* ViewController.swift in Sources */,
				60F48EAD1EA25FB800DCCA82 /* AppDelegate.swift in Sources */,
			);
			runOnlyForDeploymentPostprocessing = 0;
		};
		60F48EB91EA25FB900DCCA82 /* Sources */ = {
			isa = PBXSourcesBuildPhase;
			buildActionMask = 2147483647;
			files = (
				60F48EC21EA25FB900DCCA82 /* CaculatorSampleTests.swift in Sources */,
			);
			runOnlyForDeploymentPostprocessing = 0;
		};
		60F48EC41EA25FB900DCCA82 /* Sources */ = {
			isa = PBXSourcesBuildPhase;
			buildActionMask = 2147483647;
			files = (
				60F48ECD1EA25FB900DCCA82 /* CaculatorSampleUITests.swift in Sources */,
			);
			runOnlyForDeploymentPostprocessing = 0;
		};
/* End PBXSourcesBuildPhase section */

/* Begin PBXTargetDependency section */
		60F48EBF1EA25FB900DCCA82 /* PBXTargetDependency */ = {
			isa = PBXTargetDependency;
			target = 60F48EA81EA25FB800DCCA82 /* CaculatorSample */;
			targetProxy = 60F48EBE1EA25FB900DCCA82 /* PBXContainerItemProxy */;
		};
		60F48ECA1EA25FB900DCCA82 /* PBXTargetDependency */ = {
			isa = PBXTargetDependency;
			target = 60F48EA81EA25FB800DCCA82 /* CaculatorSample */;
			targetProxy = 60F48EC91EA25FB900DCCA82 /* PBXContainerItemProxy */;
		};
/* End PBXTargetDependency section */

/* Begin PBXVariantGroup section */
		60F48EB01EA25FB900DCCA82 /* Main.storyboard */ = {
			isa = PBXVariantGroup;
			children = (
				60F48EB11EA25FB900DCCA82 /* Base */,
			);
			name = Main.storyboard;
			sourceTree = "<group>";
		};
		60F48EB51EA25FB900DCCA82 /* LaunchScreen.storyboard */ = {
			isa = PBXVariantGroup;
			children = (
				60F48EB61EA25FB900DCCA82 /* Base */,
			);
			name = LaunchScreen.storyboard;
			sourceTree = "<group>";
		};
/* End PBXVariantGroup section */

/* Begin XCBuildConfiguration section */
		60F48ECF1EA25FB900DCCA82 /* Debug */ = {
			isa = XCBuildConfiguration;
			buildSettings = {
				ALWAYS_SEARCH_USER_PATHS = NO;
				CLANG_ANALYZER_NONNULL = YES;
				CLANG_ANALYZER_NUMBER_OBJECT_CONVERSION = YES_AGGRESSIVE;
				CLANG_CXX_LANGUAGE_STANDARD = "gnu++0x";
				CLANG_CXX_LIBRARY = "libc++";
				CLANG_ENABLE_MODULES = YES;
				CLANG_ENABLE_OBJC_ARC = YES;
				CLANG_WARN_BOOL_CONVERSION = YES;
				CLANG_WARN_CONSTANT_CONVERSION = YES;
				CLANG_WARN_DIRECT_OBJC_ISA_USAGE = YES_ERROR;
				CLANG_WARN_DOCUMENTATION_COMMENTS = YES;
				CLANG_WARN_EMPTY_BODY = YES;
				CLANG_WARN_ENUM_CONVERSION = YES;
				CLANG_WARN_INFINITE_RECURSION = YES;
				CLANG_WARN_INT_CONVERSION = YES;
				CLANG_WARN_OBJC_ROOT_CLASS = YES_ERROR;
				CLANG_WARN_SUSPICIOUS_MOVE = YES;
				CLANG_WARN_UNREACHABLE_CODE = YES;
				CLANG_WARN__DUPLICATE_METHOD_MATCH = YES;
				"CODE_SIGN_IDENTITY[sdk=iphoneos*]" = "iPhone Developer";
				COPY_PHASE_STRIP = NO;
				DEBUG_INFORMATION_FORMAT = dwarf;
				ENABLE_STRICT_OBJC_MSGSEND = YES;
				ENABLE_TESTABILITY = YES;
				GCC_C_LANGUAGE_STANDARD = gnu99;
				GCC_DYNAMIC_NO_PIC = NO;
				GCC_NO_COMMON_BLOCKS = YES;
				GCC_OPTIMIZATION_LEVEL = 0;
				GCC_PREPROCESSOR_DEFINITIONS = (
					"DEBUG=1",
					"$(inherited)",
				);
				GCC_WARN_64_TO_32_BIT_CONVERSION = YES;
				GCC_WARN_ABOUT_RETURN_TYPE = YES_ERROR;
				GCC_WARN_UNDECLARED_SELECTOR = YES;
				GCC_WARN_UNINITIALIZED_AUTOS = YES_AGGRESSIVE;
				GCC_WARN_UNUSED_FUNCTION = YES;
				GCC_WARN_UNUSED_VARIABLE = YES;
				IPHONEOS_DEPLOYMENT_TARGET = 10.3;
				MTL_ENABLE_DEBUG_INFO = YES;
				ONLY_ACTIVE_ARCH = YES;
				SDKROOT = iphoneos;
				SWIFT_ACTIVE_COMPILATION_CONDITIONS = DEBUG;
				SWIFT_OPTIMIZATION_LEVEL = "-Onone";
			};
			name = Debug;
		};
		60F48ED01EA25FB900DCCA82 /* Release */ = {
			isa = XCBuildConfiguration;
			buildSettings = {
				ALWAYS_SEARCH_USER_PATHS = NO;
				CLANG_ANALYZER_NONNULL = YES;
				CLANG_ANALYZER_NUMBER_OBJECT_CONVERSION = YES_AGGRESSIVE;
				CLANG_CXX_LANGUAGE_STANDARD = "gnu++0x";
				CLANG_CXX_LIBRARY = "libc++";
				CLANG_ENABLE_MODULES = YES;
				CLANG_ENABLE_OBJC_ARC = YES;
				CLANG_WARN_BOOL_CONVERSION = YES;
				CLANG_WARN_CONSTANT_CONVERSION = YES;
				CLANG_WARN_DIRECT_OBJC_ISA_USAGE = YES_ERROR;
				CLANG_WARN_DOCUMENTATION_COMMENTS = YES;
				CLANG_WARN_EMPTY_BODY = YES;
				CLANG_WARN_ENUM_CONVERSION = YES;
				CLANG_WARN_INFINITE_RECURSION = YES;
				CLANG_WARN_INT_CONVERSION = YES;
				CLANG_WARN_OBJC_ROOT_CLASS = YES_ERROR;
				CLANG_WARN_SUSPICIOUS_MOVE = YES;
				CLANG_WARN_UNREACHABLE_CODE = YES;
				CLANG_WARN__DUPLICATE_METHOD_MATCH = YES;
				"CODE_SIGN_IDENTITY[sdk=iphoneos*]" = "iPhone Developer";
				COPY_PHASE_STRIP = NO;
				DEBUG_INFORMATION_FORMAT = "dwarf-with-dsym";
				ENABLE_NS_ASSERTIONS = NO;
				ENABLE_STRICT_OBJC_MSGSEND = YES;
				GCC_C_LANGUAGE_STANDARD = gnu99;
				GCC_NO_COMMON_BLOCKS = YES;
				GCC_WARN_64_TO_32_BIT_CONVERSION = YES;
				GCC_WARN_ABOUT_RETURN_TYPE = YES_ERROR;
				GCC_WARN_UNDECLARED_SELECTOR = YES;
				GCC_WARN_UNINITIALIZED_AUTOS = YES_AGGRESSIVE;
				GCC_WARN_UNUSED_FUNCTION = YES;
				GCC_WARN_UNUSED_VARIABLE = YES;
				IPHONEOS_DEPLOYMENT_TARGET = 10.3;
				MTL_ENABLE_DEBUG_INFO = NO;
				SDKROOT = iphoneos;
				SWIFT_OPTIMIZATION_LEVEL = "-Owholemodule";
				VALIDATE_PRODUCT = YES;
			};
			name = Release;
		};
		60F48ED21EA25FB900DCCA82 /* Debug */ = {
			isa = XCBuildConfiguration;
			buildSettings = {
				ASSETCATALOG_COMPILER_APPICON_NAME = AppIcon;
				INFOPLIST_FILE = CaculatorSample/Info.plist;
				LD_RUNPATH_SEARCH_PATHS = "$(inherited) @executable_path/Frameworks";
				PRODUCT_BUNDLE_IDENTIFIER = com.healer.CaculatorSample;
				PRODUCT_NAME = "$(TARGET_NAME)";
				SWIFT_VERSION = 3.0;
			};
			name = Debug;
		};
		60F48ED31EA25FB900DCCA82 /* Release */ = {
			isa = XCBuildConfiguration;
			buildSettings = {
				ASSETCATALOG_COMPILER_APPICON_NAME = AppIcon;
				INFOPLIST_FILE = CaculatorSample/Info.plist;
				LD_RUNPATH_SEARCH_PATHS = "$(inherited) @executable_path/Frameworks";
				PRODUCT_BUNDLE_IDENTIFIER = com.healer.CaculatorSample;
				PRODUCT_NAME = "$(TARGET_NAME)";
				SWIFT_VERSION = 3.0;
			};
			name = Release;
		};
		60F48ED51EA25FB900DCCA82 /* Debug */ = {
			isa = XCBuildConfiguration;
			buildSettings = {
				ALWAYS_EMBED_SWIFT_STANDARD_LIBRARIES = YES;
				BUNDLE_LOADER = "$(TEST_HOST)";
				INFOPLIST_FILE = CaculatorSampleTests/Info.plist;
				LD_RUNPATH_SEARCH_PATHS = "$(inherited) @executable_path/Frameworks @loader_path/Frameworks";
				PRODUCT_BUNDLE_IDENTIFIER = com.healer.CaculatorSampleTests;
				PRODUCT_NAME = "$(TARGET_NAME)";
				SWIFT_VERSION = 3.0;
				TEST_HOST = "$(BUILT_PRODUCTS_DIR)/CaculatorSample.app/CaculatorSample";
			};
			name = Debug;
		};
		60F48ED61EA25FB900DCCA82 /* Release */ = {
			isa = XCBuildConfiguration;
			buildSettings = {
				ALWAYS_EMBED_SWIFT_STANDARD_LIBRARIES = YES;
				BUNDLE_LOADER = "$(TEST_HOST)";
				INFOPLIST_FILE = CaculatorSampleTests/Info.plist;
				LD_RUNPATH_SEARCH_PATHS = "$(inherited) @executable_path/Frameworks @loader_path/Frameworks";
				PRODUCT_BUNDLE_IDENTIFIER = com.healer.CaculatorSampleTests;
				PRODUCT_NAME = "$(TARGET_NAME)";
				SWIFT_VERSION = 3.0;
				TEST_HOST = "$(BUILT_PRODUCTS_DIR)/CaculatorSample.app/CaculatorSample";
			};
			name = Release;
		};
		60F48ED81EA25FB900DCCA82 /* Debug */ = {
			isa = XCBuildConfiguration;
			buildSettings = {
				ALWAYS_EMBED_SWIFT_STANDARD_LIBRARIES = YES;
				INFOPLIST_FILE = CaculatorSampleUITests/Info.plist;
				LD_RUNPATH_SEARCH_PATHS = "$(inherited) @executable_path/Frameworks @loader_path/Frameworks";
				PRODUCT_BUNDLE_IDENTIFIER = com.healer.CaculatorSampleUITests;
				PRODUCT_NAME = "$(TARGET_NAME)";
				SWIFT_VERSION = 3.0;
				TEST_TARGET_NAME = CaculatorSample;
			};
			name = Debug;
		};
		60F48ED91EA25FB900DCCA82 /* Release */ = {
			isa = XCBuildConfiguration;
			buildSettings = {
				ALWAYS_EMBED_SWIFT_STANDARD_LIBRARIES = YES;
				INFOPLIST_FILE = CaculatorSampleUITests/Info.plist;
				LD_RUNPATH_SEARCH_PATHS = "$(inherited) @executable_path/Frameworks @loader_path/Frameworks";
				PRODUCT_BUNDLE_IDENTIFIER = com.healer.CaculatorSampleUITests;
				PRODUCT_NAME = "$(TARGET_NAME)";
				SWIFT_VERSION = 3.0;
				TEST_TARGET_NAME = CaculatorSample;
			};
			name = Release;
		};
/* End XCBuildConfiguration section */

/* Begin XCConfigurationList section */
		60F48EA41EA25FB800DCCA82 /* Build configuration list for PBXProject "CaculatorSample" */ = {
			isa = XCConfigurationList;
			buildConfigurations = (
				60F48ECF1EA25FB900DCCA82 /* Debug */,
				60F48ED01EA25FB900DCCA82 /* Release */,
			);
			defaultConfigurationIsVisible = 0;
			defaultConfigurationName = Release;
		};
		60F48ED11EA25FB900DCCA82 /* Build configuration list for PBXNativeTarget "CaculatorSample" */ = {
			isa = XCConfigurationList;
			buildConfigurations = (
				60F48ED21EA25FB900DCCA82 /* Debug */,
				60F48ED31EA25FB900DCCA82 /* Release */,
			);
			defaultConfigurationIsVisible = 0;
		};
		60F48ED41EA25FB900DCCA82 /* Build configuration list for PBXNativeTarget "CaculatorSampleTests" */ = {
			isa = XCConfigurationList;
			buildConfigurations = (
				60F48ED51EA25FB900DCCA82 /* Debug */,
				60F48ED61EA25FB900DCCA82 /* Release */,
			);
			defaultConfigurationIsVisible = 0;
		};
		60F48ED71EA25FB900DCCA82 /* Build configuration list for PBXNativeTarget "CaculatorSampleUITests" */ = {
			isa = XCConfigurationList;
			buildConfigurations = (
				60F48ED81EA25FB900DCCA82 /* Debug */,
				60F48ED91EA25FB900DCCA82 /* Release */,
			);
			defaultConfigurationIsVisible = 0;
		};
/* End XCConfigurationList section */
	};
	rootObject = 60F48EA11EA25FB800DCCA82 /* Project object */;
}
